
Microsoft Visual Studio Solution File, Format Version 12.00
# Visual Studio Version 17
VisualStudioVersion = 17.10.35027.167
MinimumVisualStudioVersion = 10.0.40219.1
Project("{FAE04EC0-301F-11D3-BF4B-00C04F79EFBC}") = "MauiSoftInput", "MauiSoftInput.csproj", "{2769AAF1-8A2B-494C-A8F9-ED8B68EE0799}"
EndProject
Global
	GlobalSection(SolutionConfigurationPlatforms) = preSolution
		Debug|Any CPU = Debug|Any CPU
		Release|Any CPU = Release|Any CPU
	EndGlobalSection
	GlobalSection(ProjectConfigurationPlatforms) = postSolution
		{2769AAF1-8A2B-494C-A8F9-ED8B68EE0799}.Debug|Any CPU.ActiveCfg = Debug|Any CPU
		{2769AAF1-8A2B-494C-A8F9-ED8B68EE0799}.Debug|Any CPU.Build.0 = Debug|Any CPU
		{2769AAF1-8A2B-494C-A8F9-ED8B68EE0799}.Debug|Any CPU.Deploy.0 = Debug|Any CPU
		{2769AAF1-8A2B-494C-A8F9-ED8B68EE0799}.Release|Any CPU.ActiveCfg = Release|Any CPU
		{2769AAF1-8A2B-494C-A8F9-ED8B68EE0799}.Release|Any CPU.Build.0 = Release|Any CPU
		{2769AAF1-8A2B-494C-A8F9-ED8B68EE0799}.Release|Any CPU.Deploy.0 = Release|Any CPU
	EndGlobalSection
	GlobalSection(SolutionProperties) = preSolution
		HideSolutionNode = FALSE
	EndGlobalSection
	GlobalSection(ExtensibilityGlobals) = postSolution
		SolutionGuid = {226BA2F9-36AD-438A-9649-5A9C5820C729}
	EndGlobalSection
EndGlobal
